
Microsoft Visual Studio Solution File, Format Version 12.00
# Visual Studio Version 16
VisualStudioVersion = 16.0.29411.108
MinimumVisualStudioVersion = 10.0.40219.1
Project("{2150E333-8FDC-42A3-9474-1A3956D46DE8}") = "Solution Items", "Solution Items", "{40178235-688A-4060-99A5-63F526FD174F}"
	ProjectSection(SolutionItems) = preProject
		Solution Items\config.xml = Solution Items\config.xml
		Solution Items\GeoAPI.dll = Solution Items\GeoAPI.dll
		Solution Items\Infoline.Framework.dll = Solution Items\Infoline.Framework.dll
		Solution Items\Kendo.Mvc.dll = Solution Items\Kendo.Mvc.dll
		Solution Items\Microsoft.SqlServer.Types.dll = Solution Items\Microsoft.SqlServer.Types.dll
		Solution Items\NetTopologySuite.dll = Solution Items\NetTopologySuite.dll
		Solution Items\Newtonsoft.Json.dll = Solution Items\Newtonsoft.Json.dll
		Solution Items\Npgsql.dll = Solution Items\Npgsql.dll
		Solution Items\ProjNet.dll = Solution Items\ProjNet.dll
		Solution Items\QRCoder.dll = Solution Items\QRCoder.dll
	EndProjectSection
EndProject
Project("{2150E333-8FDC-42A3-9474-1A3956D46DE8}") = "Applications", "Applications", "{60BAC475-A9DD-442E-AD20-DFDD04FBF41F}"
EndProject
Project("{FAE04EC0-301F-11D3-BF4B-00C04F79EFBC}") = "Infoline.WorkOfTime.Agent", "Applications\Infoline.WorkOfTime.Agent\Infoline.WorkOfTime.Agent.csproj", "{95F12EF0-6EE8-4D41-8E6D-5916C573DF51}"
EndProject
Project("{FAE04EC0-301F-11D3-BF4B-00C04F79EFBC}") = "Infoline.WorkOfTime.BusinessAccess", "Infoline.WorkOfTime\Infoline.WorkOfTime.BusinessAccess\Infoline.WorkOfTime.BusinessAccess.csproj", "{18511796-B478-4ED9-948B-4DA9AD563F11}"
EndProject
Project("{FAE04EC0-301F-11D3-BF4B-00C04F79EFBC}") = "Infoline.WorkOfTime.BusinessData", "Infoline.WorkOfTime\Infoline.WorkOfTime.BusinessData\Infoline.WorkOfTime.BusinessData.csproj", "{D798170D-E556-4863-8BA1-8CA13D16672E}"
EndProject
Project("{FAE04EC0-301F-11D3-BF4B-00C04F79EFBC}") = "Infoline.WorkOfTime.WebProject", "Infoline.WorkOfTime\Infoline.WorkOfTime.WebProject\Infoline.WorkOfTime.WebProject.csproj", "{579A7A76-2EB5-4E4D-A67B-44EE71468754}"
EndProject
Project("{FAE04EC0-301F-11D3-BF4B-00C04F79EFBC}") = "Infoline.WorkOfTime.LdapAgent", "Applications\Infoline.WorkOfTime.LdapAgent\Infoline.WorkOfTime.LdapAgent.csproj", "{C68A6598-192A-4656-9835-6F0E3FACE19F}"
EndProject
Project("{FAE04EC0-301F-11D3-BF4B-00C04F79EFBC}") = "Infoline.WorkOfTime.ApplicationUpdater", "Applications\Infoline.WorkOfTime.ApplicationUpdater\Infoline.WorkOfTime.ApplicationUpdater.csproj", "{C7199EB7-1D69-4775-964D-98BE6EDF9DEA}"
EndProject
Project("{FAE04EC0-301F-11D3-BF4B-00C04F79EFBC}") = "Infoline.WorkOfTime.CLI", "Infoline.WorkOfTime.CLI\Infoline.WorkOfTime.CLI.csproj", "{76061DA0-FF2F-44BD-B219-0B093C806037}"
EndProject
Project("{FAE04EC0-301F-11D3-BF4B-00C04F79EFBC}") = "Infoline.WorkOfTime.WebService", "Infoline.WorkOfTime\Infoline.WorkOfTime.WebService\Infoline.WorkOfTime.WebService.csproj", "{C2177B70-34F6-4CF7-9976-0FC02A413078}"
EndProject
Project("{FAE04EC0-301F-11D3-BF4B-00C04F79EFBC}") = "Infoline.WorkOfTime.PublishLater", "Infoline.WorkOfTime.PublishLater\Infoline.WorkOfTime.PublishLater.csproj", "{C010B786-2A80-41BB-A34C-7E1CC2CC0241}"
EndProject
Project("{FAE04EC0-301F-11D3-BF4B-00C04F79EFBC}") = "Infoline.DownloadFilesApp", "Infoline.DownloadFilesApp\Infoline.DownloadFilesApp.csproj", "{32C93E56-6277-4D2F-B92B-5EDDB4E42DC2}"
EndProject
Project("{FAE04EC0-301F-11D3-BF4B-00C04F79EFBC}") = "Infoline.WorkOfTime.PublishLaterForm", "PublishLaterForm\Infoline.WorkOfTime.PublishLaterForm.csproj", "{B4AC862C-B6ED-46AE-B6B7-D4834902DE6A}"
EndProject
Project("{FAE04EC0-301F-11D3-BF4B-00C04F79EFBC}") = "Infoline.Framework", "Infoline.FrameworkV3\Infoline.Framework\Infoline.Framework.csproj", "{0CF1593D-F47A-4A9B-8D24-11CBAAE0924C}"
EndProject
Project("{2150E333-8FDC-42A3-9474-1A3956D46DE8}") = "OmixEntegration", "OmixEntegration", "{42F66C44-1569-450C-8CCC-1E653B6FCABE}"
EndProject
Project("{2150E333-8FDC-42A3-9474-1A3956D46DE8}") = "PdksEntegration", "PdksEntegration", "{20A8DB6D-EF9D-4099-BE3E-AAFF9C1CB933}"
EndProject
Project("{FAE04EC0-301F-11D3-BF4B-00C04F79EFBC}") = "Infoline.OmixEntegrationApp", "Infoline.OmixEntegrationApp\Infoline.OmixEntegrationApp.csproj", "{EE9EA825-B8C0-42F3-8EBE-3E0C17A4E220}"
EndProject
Global
	GlobalSection(SolutionConfigurationPlatforms) = preSolution
		Debug|Any CPU = Debug|Any CPU
		Debug|x86 = Debug|x86
		Release|Any CPU = Release|Any CPU
		Release|x86 = Release|x86
	EndGlobalSection
	GlobalSection(ProjectConfigurationPlatforms) = postSolution
		{95F12EF0-6EE8-4D41-8E6D-5916C573DF51}.Debug|Any CPU.ActiveCfg = Debug|Any CPU
		{95F12EF0-6EE8-4D41-8E6D-5916C573DF51}.Debug|Any CPU.Build.0 = Debug|Any CPU
		{95F12EF0-6EE8-4D41-8E6D-5916C573DF51}.Debug|x86.ActiveCfg = Debug|Any CPU
		{95F12EF0-6EE8-4D41-8E6D-5916C573DF51}.Debug|x86.Build.0 = Debug|Any CPU
		{95F12EF0-6EE8-4D41-8E6D-5916C573DF51}.Release|Any CPU.ActiveCfg = Release|Any CPU
		{95F12EF0-6EE8-4D41-8E6D-5916C573DF51}.Release|Any CPU.Build.0 = Release|Any CPU
		{95F12EF0-6EE8-4D41-8E6D-5916C573DF51}.Release|x86.ActiveCfg = Release|Any CPU
		{95F12EF0-6EE8-4D41-8E6D-5916C573DF51}.Release|x86.Build.0 = Release|Any CPU
		{18511796-B478-4ED9-948B-4DA9AD563F11}.Debug|Any CPU.ActiveCfg = Debug|Any CPU
		{18511796-B478-4ED9-948B-4DA9AD563F11}.Debug|Any CPU.Build.0 = Debug|Any CPU
		{18511796-B478-4ED9-948B-4DA9AD563F11}.Debug|x86.ActiveCfg = Debug|Any CPU
		{18511796-B478-4ED9-948B-4DA9AD563F11}.Debug|x86.Build.0 = Debug|Any CPU
		{18511796-B478-4ED9-948B-4DA9AD563F11}.Release|Any CPU.ActiveCfg = Release|Any CPU
		{18511796-B478-4ED9-948B-4DA9AD563F11}.Release|Any CPU.Build.0 = Release|Any CPU
		{18511796-B478-4ED9-948B-4DA9AD563F11}.Release|x86.ActiveCfg = Release|Any CPU
		{18511796-B478-4ED9-948B-4DA9AD563F11}.Release|x86.Build.0 = Release|Any CPU
		{D798170D-E556-4863-8BA1-8CA13D16672E}.Debug|Any CPU.ActiveCfg = Debug|Any CPU
		{D798170D-E556-4863-8BA1-8CA13D16672E}.Debug|Any CPU.Build.0 = Debug|Any CPU
		{D798170D-E556-4863-8BA1-8CA13D16672E}.Debug|x86.ActiveCfg = Debug|Any CPU
		{D798170D-E556-4863-8BA1-8CA13D16672E}.Debug|x86.Build.0 = Debug|Any CPU
		{D798170D-E556-4863-8BA1-8CA13D16672E}.Release|Any CPU.ActiveCfg = Release|Any CPU
		{D798170D-E556-4863-8BA1-8CA13D16672E}.Release|Any CPU.Build.0 = Release|Any CPU
		{D798170D-E556-4863-8BA1-8CA13D16672E}.Release|x86.ActiveCfg = Release|Any CPU
		{D798170D-E556-4863-8BA1-8CA13D16672E}.Release|x86.Build.0 = Release|Any CPU
		{579A7A76-2EB5-4E4D-A67B-44EE71468754}.Debug|Any CPU.ActiveCfg = Debug|Any CPU
		{579A7A76-2EB5-4E4D-A67B-44EE71468754}.Debug|Any CPU.Build.0 = Debug|Any CPU
		{579A7A76-2EB5-4E4D-A67B-44EE71468754}.Debug|x86.ActiveCfg = Debug|x86
		{579A7A76-2EB5-4E4D-A67B-44EE71468754}.Debug|x86.Build.0 = Debug|x86
		{579A7A76-2EB5-4E4D-A67B-44EE71468754}.Release|Any CPU.ActiveCfg = Release|Any CPU
		{579A7A76-2EB5-4E4D-A67B-44EE71468754}.Release|Any CPU.Build.0 = Release|Any CPU
		{579A7A76-2EB5-4E4D-A67B-44EE71468754}.Release|x86.ActiveCfg = Release|x86
		{579A7A76-2EB5-4E4D-A67B-44EE71468754}.Release|x86.Build.0 = Release|x86
		{C68A6598-192A-4656-9835-6F0E3FACE19F}.Debug|Any CPU.ActiveCfg = Debug|Any CPU
		{C68A6598-192A-4656-9835-6F0E3FACE19F}.Debug|Any CPU.Build.0 = Debug|Any CPU
		{C68A6598-192A-4656-9835-6F0E3FACE19F}.Debug|x86.ActiveCfg = Debug|Any CPU
		{C68A6598-192A-4656-9835-6F0E3FACE19F}.Debug|x86.Build.0 = Debug|Any CPU
		{C68A6598-192A-4656-9835-6F0E3FACE19F}.Release|Any CPU.ActiveCfg = Release|Any CPU
		{C68A6598-192A-4656-9835-6F0E3FACE19F}.Release|Any CPU.Build.0 = Release|Any CPU
		{C68A6598-192A-4656-9835-6F0E3FACE19F}.Release|x86.ActiveCfg = Release|Any CPU
		{C68A6598-192A-4656-9835-6F0E3FACE19F}.Release|x86.Build.0 = Release|Any CPU
		{C7199EB7-1D69-4775-964D-98BE6EDF9DEA}.Debug|Any CPU.ActiveCfg = Debug|Any CPU
		{C7199EB7-1D69-4775-964D-98BE6EDF9DEA}.Debug|Any CPU.Build.0 = Debug|Any CPU
		{C7199EB7-1D69-4775-964D-98BE6EDF9DEA}.Debug|x86.ActiveCfg = Debug|Any CPU
		{C7199EB7-1D69-4775-964D-98BE6EDF9DEA}.Debug|x86.Build.0 = Debug|Any CPU
		{C7199EB7-1D69-4775-964D-98BE6EDF9DEA}.Release|Any CPU.ActiveCfg = Release|Any CPU
		{C7199EB7-1D69-4775-964D-98BE6EDF9DEA}.Release|Any CPU.Build.0 = Release|Any CPU
		{C7199EB7-1D69-4775-964D-98BE6EDF9DEA}.Release|x86.ActiveCfg = Release|Any CPU
		{C7199EB7-1D69-4775-964D-98BE6EDF9DEA}.Release|x86.Build.0 = Release|Any CPU
		{76061DA0-FF2F-44BD-B219-0B093C806037}.Debug|Any CPU.ActiveCfg = Debug|Any CPU
		{76061DA0-FF2F-44BD-B219-0B093C806037}.Debug|Any CPU.Build.0 = Debug|Any CPU
		{76061DA0-FF2F-44BD-B219-0B093C806037}.Debug|x86.ActiveCfg = Debug|Any CPU
		{76061DA0-FF2F-44BD-B219-0B093C806037}.Debug|x86.Build.0 = Debug|Any CPU
		{76061DA0-FF2F-44BD-B219-0B093C806037}.Release|Any CPU.ActiveCfg = Release|Any CPU
		{76061DA0-FF2F-44BD-B219-0B093C806037}.Release|Any CPU.Build.0 = Release|Any CPU
		{76061DA0-FF2F-44BD-B219-0B093C806037}.Release|x86.ActiveCfg = Release|Any CPU
		{76061DA0-FF2F-44BD-B219-0B093C806037}.Release|x86.Build.0 = Release|Any CPU
		{C2177B70-34F6-4CF7-9976-0FC02A413078}.Debug|Any CPU.ActiveCfg = Debug|Any CPU
		{C2177B70-34F6-4CF7-9976-0FC02A413078}.Debug|Any CPU.Build.0 = Debug|Any CPU
		{C2177B70-34F6-4CF7-9976-0FC02A413078}.Debug|x86.ActiveCfg = Debug|Any CPU
		{C2177B70-34F6-4CF7-9976-0FC02A413078}.Debug|x86.Build.0 = Debug|Any CPU
		{C2177B70-34F6-4CF7-9976-0FC02A413078}.Release|Any CPU.ActiveCfg = Release|Any CPU
		{C2177B70-34F6-4CF7-9976-0FC02A413078}.Release|Any CPU.Build.0 = Release|Any CPU
		{C2177B70-34F6-4CF7-9976-0FC02A413078}.Release|x86.ActiveCfg = Release|Any CPU
		{C2177B70-34F6-4CF7-9976-0FC02A413078}.Release|x86.Build.0 = Release|Any CPU
		{C010B786-2A80-41BB-A34C-7E1CC2CC0241}.Debug|Any CPU.ActiveCfg = Debug|Any CPU
		{C010B786-2A80-41BB-A34C-7E1CC2CC0241}.Debug|Any CPU.Build.0 = Debug|Any CPU
		{C010B786-2A80-41BB-A34C-7E1CC2CC0241}.Debug|x86.ActiveCfg = Debug|Any CPU
		{C010B786-2A80-41BB-A34C-7E1CC2CC0241}.Debug|x86.Build.0 = Debug|Any CPU
		{C010B786-2A80-41BB-A34C-7E1CC2CC0241}.Release|Any CPU.ActiveCfg = Release|Any CPU
		{C010B786-2A80-41BB-A34C-7E1CC2CC0241}.Release|Any CPU.Build.0 = Release|Any CPU
		{C010B786-2A80-41BB-A34C-7E1CC2CC0241}.Release|x86.ActiveCfg = Release|Any CPU
		{C010B786-2A80-41BB-A34C-7E1CC2CC0241}.Release|x86.Build.0 = Release|Any CPU
		{32C93E56-6277-4D2F-B92B-5EDDB4E42DC2}.Debug|Any CPU.ActiveCfg = Debug|Any CPU
		{32C93E56-6277-4D2F-B92B-5EDDB4E42DC2}.Debug|Any CPU.Build.0 = Debug|Any CPU
		{32C93E56-6277-4D2F-B92B-5EDDB4E42DC2}.Debug|x86.ActiveCfg = Debug|Any CPU
		{32C93E56-6277-4D2F-B92B-5EDDB4E42DC2}.Debug|x86.Build.0 = Debug|Any CPU
		{32C93E56-6277-4D2F-B92B-5EDDB4E42DC2}.Release|Any CPU.ActiveCfg = Release|Any CPU
		{32C93E56-6277-4D2F-B92B-5EDDB4E42DC2}.Release|Any CPU.Build.0 = Release|Any CPU
		{32C93E56-6277-4D2F-B92B-5EDDB4E42DC2}.Release|x86.ActiveCfg = Release|Any CPU
		{32C93E56-6277-4D2F-B92B-5EDDB4E42DC2}.Release|x86.Build.0 = Release|Any CPU
		{B4AC862C-B6ED-46AE-B6B7-D4834902DE6A}.Debug|Any CPU.ActiveCfg = Debug|Any CPU
		{B4AC862C-B6ED-46AE-B6B7-D4834902DE6A}.Debug|Any CPU.Build.0 = Debug|Any CPU
		{B4AC862C-B6ED-46AE-B6B7-D4834902DE6A}.Debug|x86.ActiveCfg = Debug|Any CPU
		{B4AC862C-B6ED-46AE-B6B7-D4834902DE6A}.Debug|x86.Build.0 = Debug|Any CPU
		{B4AC862C-B6ED-46AE-B6B7-D4834902DE6A}.Release|Any CPU.ActiveCfg = Release|Any CPU
		{B4AC862C-B6ED-46AE-B6B7-D4834902DE6A}.Release|Any CPU.Build.0 = Release|Any CPU
		{B4AC862C-B6ED-46AE-B6B7-D4834902DE6A}.Release|x86.ActiveCfg = Release|Any CPU
		{B4AC862C-B6ED-46AE-B6B7-D4834902DE6A}.Release|x86.Build.0 = Release|Any CPU
		{0CF1593D-F47A-4A9B-8D24-11CBAAE0924C}.Debug|Any CPU.ActiveCfg = Debug|Any CPU
		{0CF1593D-F47A-4A9B-8D24-11CBAAE0924C}.Debug|Any CPU.Build.0 = Debug|Any CPU
		{0CF1593D-F47A-4A9B-8D24-11CBAAE0924C}.Debug|x86.ActiveCfg = Debug|Any CPU
		{0CF1593D-F47A-4A9B-8D24-11CBAAE0924C}.Debug|x86.Build.0 = Debug|Any CPU
		{0CF1593D-F47A-4A9B-8D24-11CBAAE0924C}.Release|Any CPU.ActiveCfg = Release|Any CPU
		{0CF1593D-F47A-4A9B-8D24-11CBAAE0924C}.Release|Any CPU.Build.0 = Release|Any CPU
		{0CF1593D-F47A-4A9B-8D24-11CBAAE0924C}.Release|x86.ActiveCfg = Release|Any CPU
		{0CF1593D-F47A-4A9B-8D24-11CBAAE0924C}.Release|x86.Build.0 = Release|Any CPU
		{EE9EA825-B8C0-42F3-8EBE-3E0C17A4E220}.Debug|Any CPU.ActiveCfg = Debug|Any CPU
		{EE9EA825-B8C0-42F3-8EBE-3E0C17A4E220}.Debug|Any CPU.Build.0 = Debug|Any CPU
		{EE9EA825-B8C0-42F3-8EBE-3E0C17A4E220}.Debug|x86.ActiveCfg = Debug|Any CPU
		{EE9EA825-B8C0-42F3-8EBE-3E0C17A4E220}.Debug|x86.Build.0 = Debug|Any CPU
		{EE9EA825-B8C0-42F3-8EBE-3E0C17A4E220}.Release|Any CPU.ActiveCfg = Release|Any CPU
		{EE9EA825-B8C0-42F3-8EBE-3E0C17A4E220}.Release|Any CPU.Build.0 = Release|Any CPU
		{EE9EA825-B8C0-42F3-8EBE-3E0C17A4E220}.Release|x86.ActiveCfg = Release|Any CPU
		{EE9EA825-B8C0-42F3-8EBE-3E0C17A4E220}.Release|x86.Build.0 = Release|Any CPU
	EndGlobalSection
	GlobalSection(SolutionProperties) = preSolution
		HideSolutionNode = FALSE
	EndGlobalSection
	GlobalSection(NestedProjects) = preSolution
		{95F12EF0-6EE8-4D41-8E6D-5916C573DF51} = {60BAC475-A9DD-442E-AD20-DFDD04FBF41F}
		{C68A6598-192A-4656-9835-6F0E3FACE19F} = {60BAC475-A9DD-442E-AD20-DFDD04FBF41F}
		{C7199EB7-1D69-4775-964D-98BE6EDF9DEA} = {60BAC475-A9DD-442E-AD20-DFDD04FBF41F}
		{76061DA0-FF2F-44BD-B219-0B093C806037} = {60BAC475-A9DD-442E-AD20-DFDD04FBF41F}
		{C010B786-2A80-41BB-A34C-7E1CC2CC0241} = {60BAC475-A9DD-442E-AD20-DFDD04FBF41F}
		{32C93E56-6277-4D2F-B92B-5EDDB4E42DC2} = {60BAC475-A9DD-442E-AD20-DFDD04FBF41F}
		{B4AC862C-B6ED-46AE-B6B7-D4834902DE6A} = {60BAC475-A9DD-442E-AD20-DFDD04FBF41F}
		{42F66C44-1569-450C-8CCC-1E653B6FCABE} = {60BAC475-A9DD-442E-AD20-DFDD04FBF41F}
		{20A8DB6D-EF9D-4099-BE3E-AAFF9C1CB933} = {60BAC475-A9DD-442E-AD20-DFDD04FBF41F}
		{EE9EA825-B8C0-42F3-8EBE-3E0C17A4E220} = {42F66C44-1569-450C-8CCC-1E653B6FCABE}
	EndGlobalSection
	GlobalSection(ExtensibilityGlobals) = postSolution
		SolutionGuid = {C101C10C-4437-414F-8628-D5D9DF588BC9}
	EndGlobalSection
EndGlobal
