
Microsoft Visual Studio Solution File, Format Version 12.00
# Visual Studio Version 16
VisualStudioVersion = 16.0.29911.84
MinimumVisualStudioVersion = 10.0.40219.1
Project("{FAE04EC0-301F-11D3-BF4B-00C04F79EFBC}") = "Infoline.Framework", "Infoline.Framework\Infoline.Framework.csproj", "{0CF1593D-F47A-4A9B-8D24-11CBAAE0924C}"
EndProject
Project("{FAE04EC0-301F-11D3-BF4B-00C04F79EFBC}") = "Infoline.Framework.Test", "Infoline.Framework.Test\Infoline.Framework.Test.csproj", "{1D251ACA-3D3B-4997-8522-04E8A33C70B0}"
EndProject
Project("{FAE04EC0-301F-11D3-BF4B-00C04F79EFBC}") = "GeoAPI", "GeoAPI\GeoAPI.csproj", "{FFB69466-79DE-466A-ADA7-5C47C5C5CA3A}"
EndProject
Project("{FAE04EC0-301F-11D3-BF4B-00C04F79EFBC}") = "NetTopologySuite", "NetTopologySuite\NetTopologySuite.csproj", "{5770DAA9-84E5-4770-AF43-F6B815894368}"
EndProject
Project("{2150E333-8FDC-42A3-9474-1A3956D46DE8}") = "Geometry", "Geometry", "{8E04C01F-5FC6-4E23-838C-067042C99D11}"
EndProject
Project("{FAE04EC0-301F-11D3-BF4B-00C04F79EFBC}") = "NetTopologySuite.IO", "NetTopologySuite.IO\NetTopologySuite.IO\NetTopologySuite.IO.csproj", "{E377580E-61C9-4943-B98B-085D51B32578}"
EndProject
Project("{2150E333-8FDC-42A3-9474-1A3956D46DE8}") = "NetTopologySuite.IO", "NetTopologySuite.IO", "{7E78940D-6926-4247-B8E9-BC847DDD73DB}"
EndProject
Project("{FAE04EC0-301F-11D3-BF4B-00C04F79EFBC}") = "NetTopologySuite.IO.GDB", "NetTopologySuite.IO\NetTopologySuite.IO.GDB\NetTopologySuite.IO.GDB.csproj", "{548166D9-DF64-46FB-9EEC-212C7B7E7D85}"
EndProject
Project("{FAE04EC0-301F-11D3-BF4B-00C04F79EFBC}") = "NetTopologySuite.IO.GeoTools", "NetTopologySuite.IO\NetTopologySuite.IO.GeoTools\NetTopologySuite.IO.GeoTools.csproj", "{21805958-869E-49F5-A4ED-0AC8599D62F0}"
EndProject
Project("{FAE04EC0-301F-11D3-BF4B-00C04F79EFBC}") = "NetTopologySuite.IO.ShapeFile", "NetTopologySuite.IO\NetTopologySuite.IO.ShapeFile\NetTopologySuite.IO.ShapeFile.csproj", "{AB9096A7-89DD-4ABD-B535-A5258863F389}"
EndProject
Project("{FAE04EC0-301F-11D3-BF4B-00C04F79EFBC}") = "NetTopologySuite.IO.GeoJSON", "NetTopologySuite.IO\NetTopologySuite.IO.GeoJSON\NetTopologySuite.IO.GeoJSON.csproj", "{1583F1F7-7E7D-42EE-99F9-E072453BCE34}"
EndProject
Project("{FAE04EC0-301F-11D3-BF4B-00C04F79EFBC}") = "NetTopologySuite.IO.SpatiaLite", "NetTopologySuite.IO\NetTopologySuite.IO.SpatiaLite\NetTopologySuite.IO.SpatiaLite.csproj", "{AD33B357-E789-4102-8DC3-F18EEE507583}"
EndProject
Project("{FAE04EC0-301F-11D3-BF4B-00C04F79EFBC}") = "NetTopologySuite.IO.TopoJSON", "NetTopologySuite.IO\NetTopologySuite.IO.TopoJSON\NetTopologySuite.IO.TopoJSON.csproj", "{0E4430FB-E15B-447B-A21C-6481BC708DDE}"
EndProject
Project("{FAE04EC0-301F-11D3-BF4B-00C04F79EFBC}") = "ProjNET", "ProjNET\ProjNET.csproj", "{E028BDD2-55E1-4E5F-BE31-35FAEC8D6428}"
EndProject
Global
	GlobalSection(SolutionConfigurationPlatforms) = preSolution
		CIBuild|Any CPU = CIBuild|Any CPU
		Debug Portable|Any CPU = Debug Portable|Any CPU
		Debug|Any CPU = Debug|Any CPU
		Release Portable|Any CPU = Release Portable|Any CPU
		Release|Any CPU = Release|Any CPU
	EndGlobalSection
	GlobalSection(ProjectConfigurationPlatforms) = postSolution
		{0CF1593D-F47A-4A9B-8D24-11CBAAE0924C}.CIBuild|Any CPU.ActiveCfg = Release|Any CPU
		{0CF1593D-F47A-4A9B-8D24-11CBAAE0924C}.CIBuild|Any CPU.Build.0 = Release|Any CPU
		{0CF1593D-F47A-4A9B-8D24-11CBAAE0924C}.Debug Portable|Any CPU.ActiveCfg = Debug|Any CPU
		{0CF1593D-F47A-4A9B-8D24-11CBAAE0924C}.Debug Portable|Any CPU.Build.0 = Debug|Any CPU
		{0CF1593D-F47A-4A9B-8D24-11CBAAE0924C}.Debug|Any CPU.ActiveCfg = Debug|Any CPU
		{0CF1593D-F47A-4A9B-8D24-11CBAAE0924C}.Debug|Any CPU.Build.0 = Debug|Any CPU
		{0CF1593D-F47A-4A9B-8D24-11CBAAE0924C}.Release Portable|Any CPU.ActiveCfg = Release|Any CPU
		{0CF1593D-F47A-4A9B-8D24-11CBAAE0924C}.Release Portable|Any CPU.Build.0 = Release|Any CPU
		{0CF1593D-F47A-4A9B-8D24-11CBAAE0924C}.Release|Any CPU.ActiveCfg = Release|Any CPU
		{0CF1593D-F47A-4A9B-8D24-11CBAAE0924C}.Release|Any CPU.Build.0 = Release|Any CPU
		{1D251ACA-3D3B-4997-8522-04E8A33C70B0}.CIBuild|Any CPU.ActiveCfg = Release|Any CPU
		{1D251ACA-3D3B-4997-8522-04E8A33C70B0}.CIBuild|Any CPU.Build.0 = Release|Any CPU
		{1D251ACA-3D3B-4997-8522-04E8A33C70B0}.Debug Portable|Any CPU.ActiveCfg = Debug|Any CPU
		{1D251ACA-3D3B-4997-8522-04E8A33C70B0}.Debug Portable|Any CPU.Build.0 = Debug|Any CPU
		{1D251ACA-3D3B-4997-8522-04E8A33C70B0}.Debug|Any CPU.ActiveCfg = Debug|Any CPU
		{1D251ACA-3D3B-4997-8522-04E8A33C70B0}.Debug|Any CPU.Build.0 = Debug|Any CPU
		{1D251ACA-3D3B-4997-8522-04E8A33C70B0}.Release Portable|Any CPU.ActiveCfg = Release|Any CPU
		{1D251ACA-3D3B-4997-8522-04E8A33C70B0}.Release Portable|Any CPU.Build.0 = Release|Any CPU
		{1D251ACA-3D3B-4997-8522-04E8A33C70B0}.Release|Any CPU.ActiveCfg = Release|Any CPU
		{1D251ACA-3D3B-4997-8522-04E8A33C70B0}.Release|Any CPU.Build.0 = Release|Any CPU
		{FFB69466-79DE-466A-ADA7-5C47C5C5CA3A}.CIBuild|Any CPU.ActiveCfg = CIBuild|Any CPU
		{FFB69466-79DE-466A-ADA7-5C47C5C5CA3A}.CIBuild|Any CPU.Build.0 = CIBuild|Any CPU
		{FFB69466-79DE-466A-ADA7-5C47C5C5CA3A}.Debug Portable|Any CPU.ActiveCfg = Debug|Any CPU
		{FFB69466-79DE-466A-ADA7-5C47C5C5CA3A}.Debug Portable|Any CPU.Build.0 = Debug|Any CPU
		{FFB69466-79DE-466A-ADA7-5C47C5C5CA3A}.Debug|Any CPU.ActiveCfg = Debug|Any CPU
		{FFB69466-79DE-466A-ADA7-5C47C5C5CA3A}.Debug|Any CPU.Build.0 = Debug|Any CPU
		{FFB69466-79DE-466A-ADA7-5C47C5C5CA3A}.Release Portable|Any CPU.ActiveCfg = Release|Any CPU
		{FFB69466-79DE-466A-ADA7-5C47C5C5CA3A}.Release Portable|Any CPU.Build.0 = Release|Any CPU
		{FFB69466-79DE-466A-ADA7-5C47C5C5CA3A}.Release|Any CPU.ActiveCfg = Release|Any CPU
		{FFB69466-79DE-466A-ADA7-5C47C5C5CA3A}.Release|Any CPU.Build.0 = Release|Any CPU
		{5770DAA9-84E5-4770-AF43-F6B815894368}.CIBuild|Any CPU.ActiveCfg = Release|Any CPU
		{5770DAA9-84E5-4770-AF43-F6B815894368}.CIBuild|Any CPU.Build.0 = Release|Any CPU
		{5770DAA9-84E5-4770-AF43-F6B815894368}.Debug Portable|Any CPU.ActiveCfg = Debug|Any CPU
		{5770DAA9-84E5-4770-AF43-F6B815894368}.Debug Portable|Any CPU.Build.0 = Debug|Any CPU
		{5770DAA9-84E5-4770-AF43-F6B815894368}.Debug|Any CPU.ActiveCfg = Debug|Any CPU
		{5770DAA9-84E5-4770-AF43-F6B815894368}.Debug|Any CPU.Build.0 = Debug|Any CPU
		{5770DAA9-84E5-4770-AF43-F6B815894368}.Release Portable|Any CPU.ActiveCfg = Release|Any CPU
		{5770DAA9-84E5-4770-AF43-F6B815894368}.Release Portable|Any CPU.Build.0 = Release|Any CPU
		{5770DAA9-84E5-4770-AF43-F6B815894368}.Release|Any CPU.ActiveCfg = Release|Any CPU
		{5770DAA9-84E5-4770-AF43-F6B815894368}.Release|Any CPU.Build.0 = Release|Any CPU
		{E377580E-61C9-4943-B98B-085D51B32578}.CIBuild|Any CPU.ActiveCfg = Release|Any CPU
		{E377580E-61C9-4943-B98B-085D51B32578}.CIBuild|Any CPU.Build.0 = Release|Any CPU
		{E377580E-61C9-4943-B98B-085D51B32578}.Debug Portable|Any CPU.ActiveCfg = Debug|Any CPU
		{E377580E-61C9-4943-B98B-085D51B32578}.Debug Portable|Any CPU.Build.0 = Debug|Any CPU
		{E377580E-61C9-4943-B98B-085D51B32578}.Debug|Any CPU.ActiveCfg = Debug|Any CPU
		{E377580E-61C9-4943-B98B-085D51B32578}.Debug|Any CPU.Build.0 = Debug|Any CPU
		{E377580E-61C9-4943-B98B-085D51B32578}.Release Portable|Any CPU.ActiveCfg = Release|Any CPU
		{E377580E-61C9-4943-B98B-085D51B32578}.Release Portable|Any CPU.Build.0 = Release|Any CPU
		{E377580E-61C9-4943-B98B-085D51B32578}.Release|Any CPU.ActiveCfg = Release|Any CPU
		{E377580E-61C9-4943-B98B-085D51B32578}.Release|Any CPU.Build.0 = Release|Any CPU
		{548166D9-DF64-46FB-9EEC-212C7B7E7D85}.CIBuild|Any CPU.ActiveCfg = Release|Any CPU
		{548166D9-DF64-46FB-9EEC-212C7B7E7D85}.CIBuild|Any CPU.Build.0 = Release|Any CPU
		{548166D9-DF64-46FB-9EEC-212C7B7E7D85}.Debug Portable|Any CPU.ActiveCfg = Debug|Any CPU
		{548166D9-DF64-46FB-9EEC-212C7B7E7D85}.Debug Portable|Any CPU.Build.0 = Debug|Any CPU
		{548166D9-DF64-46FB-9EEC-212C7B7E7D85}.Debug|Any CPU.ActiveCfg = Debug|Any CPU
		{548166D9-DF64-46FB-9EEC-212C7B7E7D85}.Debug|Any CPU.Build.0 = Debug|Any CPU
		{548166D9-DF64-46FB-9EEC-212C7B7E7D85}.Release Portable|Any CPU.ActiveCfg = Release|Any CPU
		{548166D9-DF64-46FB-9EEC-212C7B7E7D85}.Release Portable|Any CPU.Build.0 = Release|Any CPU
		{548166D9-DF64-46FB-9EEC-212C7B7E7D85}.Release|Any CPU.ActiveCfg = Release|Any CPU
		{548166D9-DF64-46FB-9EEC-212C7B7E7D85}.Release|Any CPU.Build.0 = Release|Any CPU
		{21805958-869E-49F5-A4ED-0AC8599D62F0}.CIBuild|Any CPU.ActiveCfg = Release|Any CPU
		{21805958-869E-49F5-A4ED-0AC8599D62F0}.CIBuild|Any CPU.Build.0 = Release|Any CPU
		{21805958-869E-49F5-A4ED-0AC8599D62F0}.Debug Portable|Any CPU.ActiveCfg = Debug|Any CPU
		{21805958-869E-49F5-A4ED-0AC8599D62F0}.Debug Portable|Any CPU.Build.0 = Debug|Any CPU
		{21805958-869E-49F5-A4ED-0AC8599D62F0}.Debug|Any CPU.ActiveCfg = Debug|Any CPU
		{21805958-869E-49F5-A4ED-0AC8599D62F0}.Debug|Any CPU.Build.0 = Debug|Any CPU
		{21805958-869E-49F5-A4ED-0AC8599D62F0}.Release Portable|Any CPU.ActiveCfg = Release|Any CPU
		{21805958-869E-49F5-A4ED-0AC8599D62F0}.Release Portable|Any CPU.Build.0 = Release|Any CPU
		{21805958-869E-49F5-A4ED-0AC8599D62F0}.Release|Any CPU.ActiveCfg = Release|Any CPU
		{21805958-869E-49F5-A4ED-0AC8599D62F0}.Release|Any CPU.Build.0 = Release|Any CPU
		{AB9096A7-89DD-4ABD-B535-A5258863F389}.CIBuild|Any CPU.ActiveCfg = Release|Any CPU
		{AB9096A7-89DD-4ABD-B535-A5258863F389}.CIBuild|Any CPU.Build.0 = Release|Any CPU
		{AB9096A7-89DD-4ABD-B535-A5258863F389}.Debug Portable|Any CPU.ActiveCfg = Debug|Any CPU
		{AB9096A7-89DD-4ABD-B535-A5258863F389}.Debug Portable|Any CPU.Build.0 = Debug|Any CPU
		{AB9096A7-89DD-4ABD-B535-A5258863F389}.Debug|Any CPU.ActiveCfg = Debug|Any CPU
		{AB9096A7-89DD-4ABD-B535-A5258863F389}.Debug|Any CPU.Build.0 = Debug|Any CPU
		{AB9096A7-89DD-4ABD-B535-A5258863F389}.Release Portable|Any CPU.ActiveCfg = Release|Any CPU
		{AB9096A7-89DD-4ABD-B535-A5258863F389}.Release Portable|Any CPU.Build.0 = Release|Any CPU
		{AB9096A7-89DD-4ABD-B535-A5258863F389}.Release|Any CPU.ActiveCfg = Release|Any CPU
		{AB9096A7-89DD-4ABD-B535-A5258863F389}.Release|Any CPU.Build.0 = Release|Any CPU
		{1583F1F7-7E7D-42EE-99F9-E072453BCE34}.CIBuild|Any CPU.ActiveCfg = Release|Any CPU
		{1583F1F7-7E7D-42EE-99F9-E072453BCE34}.CIBuild|Any CPU.Build.0 = Release|Any CPU
		{1583F1F7-7E7D-42EE-99F9-E072453BCE34}.Debug Portable|Any CPU.ActiveCfg = Debug|Any CPU
		{1583F1F7-7E7D-42EE-99F9-E072453BCE34}.Debug Portable|Any CPU.Build.0 = Debug|Any CPU
		{1583F1F7-7E7D-42EE-99F9-E072453BCE34}.Debug|Any CPU.ActiveCfg = Debug|Any CPU
		{1583F1F7-7E7D-42EE-99F9-E072453BCE34}.Debug|Any CPU.Build.0 = Debug|Any CPU
		{1583F1F7-7E7D-42EE-99F9-E072453BCE34}.Release Portable|Any CPU.ActiveCfg = Release|Any CPU
		{1583F1F7-7E7D-42EE-99F9-E072453BCE34}.Release Portable|Any CPU.Build.0 = Release|Any CPU
		{1583F1F7-7E7D-42EE-99F9-E072453BCE34}.Release|Any CPU.ActiveCfg = Release|Any CPU
		{1583F1F7-7E7D-42EE-99F9-E072453BCE34}.Release|Any CPU.Build.0 = Release|Any CPU
		{AD33B357-E789-4102-8DC3-F18EEE507583}.CIBuild|Any CPU.ActiveCfg = Release|Any CPU
		{AD33B357-E789-4102-8DC3-F18EEE507583}.CIBuild|Any CPU.Build.0 = Release|Any CPU
		{AD33B357-E789-4102-8DC3-F18EEE507583}.Debug Portable|Any CPU.ActiveCfg = Debug|Any CPU
		{AD33B357-E789-4102-8DC3-F18EEE507583}.Debug Portable|Any CPU.Build.0 = Debug|Any CPU
		{AD33B357-E789-4102-8DC3-F18EEE507583}.Debug|Any CPU.ActiveCfg = Debug|Any CPU
		{AD33B357-E789-4102-8DC3-F18EEE507583}.Debug|Any CPU.Build.0 = Debug|Any CPU
		{AD33B357-E789-4102-8DC3-F18EEE507583}.Release Portable|Any CPU.ActiveCfg = Release|Any CPU
		{AD33B357-E789-4102-8DC3-F18EEE507583}.Release Portable|Any CPU.Build.0 = Release|Any CPU
		{AD33B357-E789-4102-8DC3-F18EEE507583}.Release|Any CPU.ActiveCfg = Release|Any CPU
		{AD33B357-E789-4102-8DC3-F18EEE507583}.Release|Any CPU.Build.0 = Release|Any CPU
		{0E4430FB-E15B-447B-A21C-6481BC708DDE}.CIBuild|Any CPU.ActiveCfg = Release|Any CPU
		{0E4430FB-E15B-447B-A21C-6481BC708DDE}.CIBuild|Any CPU.Build.0 = Release|Any CPU
		{0E4430FB-E15B-447B-A21C-6481BC708DDE}.Debug Portable|Any CPU.ActiveCfg = Debug|Any CPU
		{0E4430FB-E15B-447B-A21C-6481BC708DDE}.Debug Portable|Any CPU.Build.0 = Debug|Any CPU
		{0E4430FB-E15B-447B-A21C-6481BC708DDE}.Debug|Any CPU.ActiveCfg = Debug|Any CPU
		{0E4430FB-E15B-447B-A21C-6481BC708DDE}.Debug|Any CPU.Build.0 = Debug|Any CPU
		{0E4430FB-E15B-447B-A21C-6481BC708DDE}.Release Portable|Any CPU.ActiveCfg = Release|Any CPU
		{0E4430FB-E15B-447B-A21C-6481BC708DDE}.Release Portable|Any CPU.Build.0 = Release|Any CPU
		{0E4430FB-E15B-447B-A21C-6481BC708DDE}.Release|Any CPU.ActiveCfg = Release|Any CPU
		{0E4430FB-E15B-447B-A21C-6481BC708DDE}.Release|Any CPU.Build.0 = Release|Any CPU
		{E028BDD2-55E1-4E5F-BE31-35FAEC8D6428}.CIBuild|Any CPU.ActiveCfg = Release|Any CPU
		{E028BDD2-55E1-4E5F-BE31-35FAEC8D6428}.CIBuild|Any CPU.Build.0 = Release|Any CPU
		{E028BDD2-55E1-4E5F-BE31-35FAEC8D6428}.Debug Portable|Any CPU.ActiveCfg = Debug|Any CPU
		{E028BDD2-55E1-4E5F-BE31-35FAEC8D6428}.Debug Portable|Any CPU.Build.0 = Debug|Any CPU
		{E028BDD2-55E1-4E5F-BE31-35FAEC8D6428}.Debug|Any CPU.ActiveCfg = Debug|Any CPU
		{E028BDD2-55E1-4E5F-BE31-35FAEC8D6428}.Debug|Any CPU.Build.0 = Debug|Any CPU
		{E028BDD2-55E1-4E5F-BE31-35FAEC8D6428}.Release Portable|Any CPU.ActiveCfg = Release|Any CPU
		{E028BDD2-55E1-4E5F-BE31-35FAEC8D6428}.Release Portable|Any CPU.Build.0 = Release|Any CPU
		{E028BDD2-55E1-4E5F-BE31-35FAEC8D6428}.Release|Any CPU.ActiveCfg = Release|Any CPU
		{E028BDD2-55E1-4E5F-BE31-35FAEC8D6428}.Release|Any CPU.Build.0 = Release|Any CPU
	EndGlobalSection
	GlobalSection(SolutionProperties) = preSolution
		HideSolutionNode = FALSE
	EndGlobalSection
	GlobalSection(NestedProjects) = preSolution
		{FFB69466-79DE-466A-ADA7-5C47C5C5CA3A} = {8E04C01F-5FC6-4E23-838C-067042C99D11}
		{5770DAA9-84E5-4770-AF43-F6B815894368} = {8E04C01F-5FC6-4E23-838C-067042C99D11}
		{E377580E-61C9-4943-B98B-085D51B32578} = {7E78940D-6926-4247-B8E9-BC847DDD73DB}
		{7E78940D-6926-4247-B8E9-BC847DDD73DB} = {8E04C01F-5FC6-4E23-838C-067042C99D11}
		{548166D9-DF64-46FB-9EEC-212C7B7E7D85} = {7E78940D-6926-4247-B8E9-BC847DDD73DB}
		{21805958-869E-49F5-A4ED-0AC8599D62F0} = {7E78940D-6926-4247-B8E9-BC847DDD73DB}
		{AB9096A7-89DD-4ABD-B535-A5258863F389} = {7E78940D-6926-4247-B8E9-BC847DDD73DB}
		{1583F1F7-7E7D-42EE-99F9-E072453BCE34} = {7E78940D-6926-4247-B8E9-BC847DDD73DB}
		{AD33B357-E789-4102-8DC3-F18EEE507583} = {7E78940D-6926-4247-B8E9-BC847DDD73DB}
		{0E4430FB-E15B-447B-A21C-6481BC708DDE} = {7E78940D-6926-4247-B8E9-BC847DDD73DB}
		{E028BDD2-55E1-4E5F-BE31-35FAEC8D6428} = {8E04C01F-5FC6-4E23-838C-067042C99D11}
	EndGlobalSection
	GlobalSection(ExtensibilityGlobals) = postSolution
		SolutionGuid = {67F5FB7F-1654-4B2F-A1FF-9B75704F813B}
	EndGlobalSection
	GlobalSection(TeamFoundationVersionControl) = preSolution
		SccNumberOfProjects = 13
		SccEnterpriseProvider = {4CA58AB2-18FA-4F8D-95D4-32DDF27D184C}
		SccTeamFoundationServer = http://tfs.infoline-tr.com/akilli
		SccProjectUniqueName0 = Infoline.Framework\\Infoline.Framework.csproj
		SccProjectName0 = Infoline.Framework
		SccLocalPath0 = Infoline.Framework
		SccProjectUniqueName1 = GeoAPI\\GeoAPI.csproj
		SccProjectTopLevelParentUniqueName1 = Infoline.FrameworkV3.sln
		SccProjectName1 = GeoAPI
		SccLocalPath1 = GeoAPI
		SccProjectUniqueName2 = NetTopologySuite\\NetTopologySuite.csproj
		SccProjectTopLevelParentUniqueName2 = Infoline.FrameworkV3.sln
		SccProjectName2 = NetTopologySuite
		SccLocalPath2 = NetTopologySuite
		SccProjectUniqueName3 = NetTopologySuite.IO\\NetTopologySuite.IO.GeoJSON\\NetTopologySuite.IO.GeoJSON.csproj
		SccProjectTopLevelParentUniqueName3 = Infoline.FrameworkV3.sln
		SccProjectName3 = NetTopologySuite.IO/NetTopologySuite.IO.GeoJSON
		SccLocalPath3 = NetTopologySuite.IO\\NetTopologySuite.IO.GeoJSON
		SccProjectUniqueName4 = NetTopologySuite.IO\\NetTopologySuite.IO.ShapeFile\\NetTopologySuite.IO.ShapeFile.csproj
		SccProjectTopLevelParentUniqueName4 = Infoline.FrameworkV3.sln
		SccProjectName4 = NetTopologySuite.IO/NetTopologySuite.IO.ShapeFile
		SccLocalPath4 = NetTopologySuite.IO\\NetTopologySuite.IO.ShapeFile
		SccProjectUniqueName5 = Infoline.Framework.Test\\Infoline.Framework.Test.csproj
		SccProjectName5 = Infoline.Framework.Test
		SccLocalPath5 = Infoline.Framework.Test
		SccProjectUniqueName6 = NetTopologySuite.IO\\NetTopologySuite.IO\\NetTopologySuite.IO.csproj
		SccProjectTopLevelParentUniqueName6 = Infoline.FrameworkV3.sln
		SccProjectName6 = NetTopologySuite.IO/NetTopologySuite.IO
		SccLocalPath6 = NetTopologySuite.IO\\NetTopologySuite.IO
		SccProjectUniqueName7 = NetTopologySuite.IO\\NetTopologySuite.IO.GDB\\NetTopologySuite.IO.GDB.csproj
		SccProjectTopLevelParentUniqueName7 = Infoline.FrameworkV3.sln
		SccProjectName7 = NetTopologySuite.IO/NetTopologySuite.IO.GDB
		SccLocalPath7 = NetTopologySuite.IO\\NetTopologySuite.IO.GDB
		SccProjectUniqueName8 = NetTopologySuite.IO\\NetTopologySuite.IO.GeoTools\\NetTopologySuite.IO.GeoTools.csproj
		SccProjectTopLevelParentUniqueName8 = Infoline.FrameworkV3.sln
		SccProjectName8 = NetTopologySuite.IO/NetTopologySuite.IO.GeoTools
		SccLocalPath8 = NetTopologySuite.IO\\NetTopologySuite.IO.GeoTools
		SccProjectUniqueName9 = NetTopologySuite.IO\\NetTopologySuite.IO.SpatiaLite\\NetTopologySuite.IO.SpatiaLite.csproj
		SccProjectTopLevelParentUniqueName9 = Infoline.FrameworkV3.sln
		SccProjectName9 = NetTopologySuite.IO/NetTopologySuite.IO.SpatiaLite
		SccLocalPath9 = NetTopologySuite.IO\\NetTopologySuite.IO.SpatiaLite
		SccProjectUniqueName10 = NetTopologySuite.IO\\NetTopologySuite.IO.TopoJSON\\NetTopologySuite.IO.TopoJSON.csproj
		SccProjectTopLevelParentUniqueName10 = Infoline.FrameworkV3.sln
		SccProjectName10 = NetTopologySuite.IO/NetTopologySuite.IO.TopoJSON
		SccLocalPath10 = NetTopologySuite.IO\\NetTopologySuite.IO.TopoJSON
		SccProjectUniqueName11 = ProjNET\\ProjNET.csproj
		SccProjectTopLevelParentUniqueName11 = Infoline.FrameworkV3.sln
		SccProjectName11 = ProjNET
		SccLocalPath11 = ProjNET
		SccLocalPath12 = .
	EndGlobalSection
EndGlobal
